// !$*UTF8*$!
{
	archiveVersion = 1;
	classes = {
	};
	objectVersion = 56;
	objects = {

/* Begin PBXBuildFile section */
		747530652FB4AFAB006BAA28 /* Colors.swift in Sources */ = {isa = PBXBuildFile; fileRef = 747530642FB4AFAB006BAA28 /* Colors.swift */; };
		748603092FBB92790094B29D /* ModalAbilityView.swift in Sources */ = {isa = PBXBuildFile; fileRef = 748603082FBB92790094B29D /* ModalAbilityView.swift */; };
		748B649D2FA27F6000A534FC /* CharacterPageView.swift in Sources */ = {isa = PBXBuildFile; fileRef = 748B649C2FA27F6000A534FC /* CharacterPageView.swift */; };
		748B64A12FA27FCB00A534FC /* CharacterPageViewController.swift in Sources */ = {isa = PBXBuildFile; fileRef = 748B64A02FA27FCB00A534FC /* CharacterPageViewController.swift */; };
		7495CD792FABCED20058914C /* Utils.swift in Sources */ = {isa = PBXBuildFile; fileRef = 7495CD782FABCED20058914C /* Utils.swift */; };
		74987C2B2FD740BB005ADF70 /* SkinListViewController.swift in Sources */ = {isa = PBXBuildFile; fileRef = 74987C2A2FD740BB005ADF70 /* SkinListViewController.swift */; };
		74A694A92F9A8CE3006A1BBD /* AppDelegate.swift in Sources */ = {isa = PBXBuildFile; fileRef = 74A694A82F9A8CE3006A1BBD /* AppDelegate.swift */; };
		74A694AB2F9A8CE3006A1BBD /* SceneDelegate.swift in Sources */ = {isa = PBXBuildFile; fileRef = 74A694AA2F9A8CE3006A1BBD /* SceneDelegate.swift */; };
		74A694AD2F9A8CE3006A1BBD /* AgentListViewController.swift in Sources */ = {isa = PBXBuildFile; fileRef = 74A694AC2F9A8CE3006A1BBD /* AgentListViewController.swift */; };
		74A694B32F9A8CE4006A1BBD /* ValorantApp.xcdatamodeld in Sources */ = {isa = PBXBuildFile; fileRef = 74A694B12F9A8CE4006A1BBD /* ValorantApp.xcdatamodeld */; };
		74A694B52F9A8CEA006A1BBD /* Assets.xcassets in Resources */ = {isa = PBXBuildFile; fileRef = 74A694B42F9A8CEA006A1BBD /* Assets.xcassets */; };
		74A694C32F9A8CEB006A1BBD /* ValorantAppTests.swift in Sources */ = {isa = PBXBuildFile; fileRef = 74A694C22F9A8CEB006A1BBD /* ValorantAppTests.swift */; };
		74A694CD2F9A8CEB006A1BBD /* ValorantAppUITests.swift in Sources */ = {isa = PBXBuildFile; fileRef = 74A694CC2F9A8CEB006A1BBD /* ValorantAppUITests.swift */; };
		74A694CF2F9A8CEB006A1BBD /* ValorantAppUITestsLaunchTests.swift in Sources */ = {isa = PBXBuildFile; fileRef = 74A694CE2F9A8CEB006A1BBD /* ValorantAppUITestsLaunchTests.swift */; };
		74A694DF2F9A8F45006A1BBD /* SelectListView.swift in Sources */ = {isa = PBXBuildFile; fileRef = 74A694DE2F9A8F45006A1BBD /* SelectListView.swift */; };
		74A694E12F9A9257006A1BBD /* AgentModel.swift in Sources */ = {isa = PBXBuildFile; fileRef = 74A694E02F9A9257006A1BBD /* AgentModel.swift */; };
		74A694E32F9A9610006A1BBD /* ValorantService.swift in Sources */ = {isa = PBXBuildFile; fileRef = 74A694E22F9A9610006A1BBD /* ValorantService.swift */; };
		74A8AA0E2FC0D9BF00B5B92F /* HomePageView.swift in Sources */ = {isa = PBXBuildFile; fileRef = 74A8AA0D2FC0D9BF00B5B92F /* HomePageView.swift */; };
		74A8AA102FC0D9D400B5B92F /* HomePageViewController.swift in Sources */ = {isa = PBXBuildFile; fileRef = 74A8AA0F2FC0D9D400B5B92F /* HomePageViewController.swift */; };
		74A8AA152FC0E78400B5B92F /* WeaponListViewController.swift in Sources */ = {isa = PBXBuildFile; fileRef = 74A8AA142FC0E78400B5B92F /* WeaponListViewController.swift */; };
		74A8AA192FC0E97300B5B92F /* WeaponModel.swift in Sources */ = {isa = PBXBuildFile; fileRef = 74A8AA182FC0E97300B5B92F /* WeaponModel.swift */; };
		74A8AA1B2FC0EBDF00B5B92F /* WeaponListViewModel.swift in Sources */ = {isa = PBXBuildFile; fileRef = 74A8AA1A2FC0EBDF00B5B92F /* WeaponListViewModel.swift */; };
		74ADA8AC2FF6E4E700A97DA8 /* FavoriteService.swift in Sources */ = {isa = PBXBuildFile; fileRef = 74ADA8AB2FF6E4E700A97DA8 /* FavoriteService.swift */; };
		74AE94802FAA5EFE00DAC537 /* CharacterPageViewModel.swift in Sources */ = {isa = PBXBuildFile; fileRef = 74AE947F2FAA5EFE00DAC537 /* CharacterPageViewModel.swift */; };
		74AED7D22F9FEB0C00A0AA98 /* CustomCell.swift in Sources */ = {isa = PBXBuildFile; fileRef = 74AED7D12F9FEB0C00A0AA98 /* CustomCell.swift */; };
		74AED7D42F9FEF7600A0AA98 /* SelectListViewModel.swift in Sources */ = {isa = PBXBuildFile; fileRef = 74AED7D32F9FEF7600A0AA98 /* SelectListViewModel.swift */; };
		74AF6D172FE9E6A80098B7AA /* Valorant Font.ttf in Resources */ = {isa = PBXBuildFile; fileRef = 74AF6D162FE9E6A70098B7AA /* Valorant Font.ttf */; };
		74B0E6633006D151006549AC /* ButtomFavorite.swift in Sources */ = {isa = PBXBuildFile; fileRef = 74B0E6623006D151006549AC /* ButtomFavorite.swift */; };
		74BD0FE52FBF83E600237250 /* ModalAbilityViewModel.swift in Sources */ = {isa = PBXBuildFile; fileRef = 74BD0FE42FBF83E600237250 /* ModalAbilityViewModel.swift */; };
		74C1B3412FD0A3DD004199DF /* WeaponPagerView.swift in Sources */ = {isa = PBXBuildFile; fileRef = 74C1B3402FD0A3DD004199DF /* WeaponPagerView.swift */; };
		74C236012FB3CB68001B047A /* CustomCellAbility.swift in Sources */ = {isa = PBXBuildFile; fileRef = 74C236002FB3CB68001B047A /* CustomCellAbility.swift */; };
		74D200642FC4BFAE00AB6BCD /* WeaponsPageViewController.swift in Sources */ = {isa = PBXBuildFile; fileRef = 74D200632FC4BFAE00AB6BCD /* WeaponsPageViewController.swift */; };
		74D200682FC4C21200AB6BCD /* WeaponPageViewModel.swift in Sources */ = {isa = PBXBuildFile; fileRef = 74D200672FC4C21200AB6BCD /* WeaponPageViewModel.swift */; };
		74EC2F982FE9ECD000333732 /* MenuButtom.swift in Sources */ = {isa = PBXBuildFile; fileRef = 74EC2F972FE9ECD000333732 /* MenuButtom.swift */; };
/* End PBXBuildFile section */

/* Begin PBXContainerItemProxy section */
		74A694BF2F9A8CEB006A1BBD /* PBXContainerItemProxy */ = {
			isa = PBXContainerItemProxy;
			containerPortal = 74A6949D2F9A8CE3006A1BBD /* Project object */;
			proxyType = 1;
			remoteGlobalIDString = 74A694A42F9A8CE3006A1BBD;
			remoteInfo = ValorantApp;
		};
		74A694C92F9A8CEB006A1BBD /* PBXContainerItemProxy */ = {
			isa = PBXContainerItemProxy;
			containerPortal = 74A6949D2F9A8CE3006A1BBD /* Project object */;
			proxyType = 1;
			remoteGlobalIDString = 74A694A42F9A8CE3006A1BBD;
			remoteInfo = ValorantApp;
		};
/* End PBXContainerItemProxy section */

/* Begin PBXFileReference section */
		747530642FB4AFAB006BAA28 /* Colors.swift */ = {isa = PBXFileReference; lastKnownFileType = sourcecode.swift; path = Colors.swift; sourceTree = "<group>"; };
		748603082FBB92790094B29D /* ModalAbilityView.swift */ = {isa = PBXFileReference; lastKnownFileType = sourcecode.swift; path = ModalAbilityView.swift; sourceTree = "<group>"; };
		748B649C2FA27F6000A534FC /* CharacterPageView.swift */ = {isa = PBXFileReference; lastKnownFileType = sourcecode.swift; path = CharacterPageView.swift; sourceTree = "<group>"; };
		748B64A02FA27FCB00A534FC /* CharacterPageViewController.swift */ = {isa = PBXFileReference; lastKnownFileType = sourcecode.swift; path = CharacterPageViewController.swift; sourceTree = "<group>"; };
		7495CD782FABCED20058914C /* Utils.swift */ = {isa = PBXFileReference; lastKnownFileType = sourcecode.swift; path = Utils.swift; sourceTree = "<group>"; };
		74987C2A2FD740BB005ADF70 /* SkinListViewController.swift */ = {isa = PBXFileReference; lastKnownFileType = sourcecode.swift; path = SkinListViewController.swift; sourceTree = "<group>"; };
		74A694A52F9A8CE3006A1BBD /* ValorantApp.app */ = {isa = PBXFileReference; explicitFileType = wrapper.application; includeInIndex = 0; path = ValorantApp.app; sourceTree = BUILT_PRODUCTS_DIR; };
		74A694A82F9A8CE3006A1BBD /* AppDelegate.swift */ = {isa = PBXFileReference; lastKnownFileType = sourcecode.swift; path = AppDelegate.swift; sourceTree = "<group>"; };
		74A694AA2F9A8CE3006A1BBD /* SceneDelegate.swift */ = {isa = PBXFileReference; lastKnownFileType = sourcecode.swift; path = SceneDelegate.swift; sourceTree = "<group>"; };
		74A694AC2F9A8CE3006A1BBD /* AgentListViewController.swift */ = {isa = PBXFileReference; lastKnownFileType = sourcecode.swift; path = AgentListViewController.swift; sourceTree = "<group>"; };
		74A694B22F9A8CE4006A1BBD /* ValorantApp.xcdatamodel */ = {isa = PBXFileReference; lastKnownFileType = wrapper.xcdatamodel; path = ValorantApp.xcdatamodel; sourceTree = "<group>"; };
		74A694B42F9A8CEA006A1BBD /* Assets.xcassets */ = {isa = PBXFileReference; lastKnownFileType = folder.assetcatalog; path = Assets.xcassets; sourceTree = "<group>"; };
		74A694B92F9A8CEA006A1BBD /* Info.plist */ = {isa = PBXFileReference; lastKnownFileType = text.plist.xml; path = Info.plist; sourceTree = "<group>"; };
		74A694BE2F9A8CEB006A1BBD /* ValorantAppTests.xctest */ = {isa = PBXFileReference; explicitFileType = wrapper.cfbundle; includeInIndex = 0; path = ValorantAppTests.xctest; sourceTree = BUILT_PRODUCTS_DIR; };
		74A694C22F9A8CEB006A1BBD /* ValorantAppTests.swift */ = {isa = PBXFileReference; lastKnownFileType = sourcecode.swift; path = ValorantAppTests.swift; sourceTree = "<group>"; };
		74A694C82F9A8CEB006A1BBD /* ValorantAppUITests.xctest */ = {isa = PBXFileReference; explicitFileType = wrapper.cfbundle; includeInIndex = 0; path = ValorantAppUITests.xctest; sourceTree = BUILT_PRODUCTS_DIR; };
		74A694CC2F9A8CEB006A1BBD /* ValorantAppUITests.swift */ = {isa = PBXFileReference; lastKnownFileType = sourcecode.swift; path = ValorantAppUITests.swift; sourceTree = "<group>"; };
		74A694CE2F9A8CEB006A1BBD /* ValorantAppUITestsLaunchTests.swift */ = {isa = PBXFileReference; lastKnownFileType = sourcecode.swift; path = ValorantAppUITestsLaunchTests.swift; sourceTree = "<group>"; };
		74A694DE2F9A8F45006A1BBD /* SelectListView.swift */ = {isa = PBXFileReference; lastKnownFileType = sourcecode.swift; path = SelectListView.swift; sourceTree = "<group>"; };
		74A694E02F9A9257006A1BBD /* AgentModel.swift */ = {isa = PBXFileReference; lastKnownFileType = sourcecode.swift; path = AgentModel.swift; sourceTree = "<group>"; };
		74A694E22F9A9610006A1BBD /* ValorantService.swift */ = {isa = PBXFileReference; lastKnownFileType = sourcecode.swift; path = ValorantService.swift; sourceTree = "<group>"; };
		74A8AA0D2FC0D9BF00B5B92F /* HomePageView.swift */ = {isa = PBXFileReference; lastKnownFileType = sourcecode.swift; path = HomePageView.swift; sourceTree = "<group>"; };
		74A8AA0F2FC0D9D400B5B92F /* HomePageViewController.swift */ = {isa = PBXFileReference; lastKnownFileType = sourcecode.swift; path = HomePageViewController.swift; sourceTree = "<group>"; };
		74A8AA142FC0E78400B5B92F /* WeaponListViewController.swift */ = {isa = PBXFileReference; lastKnownFileType = sourcecode.swift; path = WeaponListViewController.swift; sourceTree = "<group>"; };
		74A8AA182FC0E97300B5B92F /* WeaponModel.swift */ = {isa = PBXFileReference; lastKnownFileType = sourcecode.swift; path = WeaponModel.swift; sourceTree = "<group>"; };
		74A8AA1A2FC0EBDF00B5B92F /* WeaponListViewModel.swift */ = {isa = PBXFileReference; lastKnownFileType = sourcecode.swift; path = WeaponListViewModel.swift; sourceTree = "<group>"; };
		74ADA8AB2FF6E4E700A97DA8 /* FavoriteService.swift */ = {isa = PBXFileReference; lastKnownFileType = sourcecode.swift; path = FavoriteService.swift; sourceTree = "<group>"; };
		74AE947F2FAA5EFE00DAC537 /* CharacterPageViewModel.swift */ = {isa = PBXFileReference; lastKnownFileType = sourcecode.swift; path = CharacterPageViewModel.swift; sourceTree = "<group>"; };
		74AED7D12F9FEB0C00A0AA98 /* CustomCell.swift */ = {isa = PBXFileReference; lastKnownFileType = sourcecode.swift; path = CustomCell.swift; sourceTree = "<group>"; };
		74AED7D32F9FEF7600A0AA98 /* SelectListViewModel.swift */ = {isa = PBXFileReference; lastKnownFileType = sourcecode.swift; path = SelectListViewModel.swift; sourceTree = "<group>"; };
		74AF6D162FE9E6A70098B7AA /* Valorant Font.ttf */ = {isa = PBXFileReference; lastKnownFileType = file; path = "Valorant Font.ttf"; sourceTree = "<group>"; };
		74B0E6623006D151006549AC /* ButtomFavorite.swift */ = {isa = PBXFileReference; lastKnownFileType = sourcecode.swift; path = ButtomFavorite.swift; sourceTree = "<group>"; };
		74BD0FE42FBF83E600237250 /* ModalAbilityViewModel.swift */ = {isa = PBXFileReference; lastKnownFileType = sourcecode.swift; path = ModalAbilityViewModel.swift; sourceTree = "<group>"; };
		74C1B3402FD0A3DD004199DF /* WeaponPagerView.swift */ = {isa = PBXFileReference; lastKnownFileType = sourcecode.swift; path = WeaponPagerView.swift; sourceTree = "<group>"; };
		74C236002FB3CB68001B047A /* CustomCellAbility.swift */ = {isa = PBXFileReference; lastKnownFileType = sourcecode.swift; path = CustomCellAbility.swift; sourceTree = "<group>"; };
		74D200632FC4BFAE00AB6BCD /* WeaponsPageViewController.swift */ = {isa = PBXFileReference; lastKnownFileType = sourcecode.swift; path = WeaponsPageViewController.swift; sourceTree = "<group>"; };
		74D200672FC4C21200AB6BCD /* WeaponPageViewModel.swift */ = {isa = PBXFileReference; lastKnownFileType = sourcecode.swift; path = WeaponPageViewModel.swift; sourceTree = "<group>"; };
		74EC2F972FE9ECD000333732 /* MenuButtom.swift */ = {isa = PBXFileReference; lastKnownFileType = sourcecode.swift; path = MenuButtom.swift; sourceTree = "<group>"; };
/* End PBXFileReference section */

/* Begin PBXFrameworksBuildPhase section */
		74A694A22F9A8CE3006A1BBD /* Frameworks */ = {
			isa = PBXFrameworksBuildPhase;
			buildActionMask = 2147483647;
			files = (
			);
			runOnlyForDeploymentPostprocessing = 0;
		};
		74A694BB2F9A8CEB006A1BBD /* Frameworks */ = {
			isa = PBXFrameworksBuildPhase;
			buildActionMask = 2147483647;
			files = (
			);
			runOnlyForDeploymentPostprocessing = 0;
		};
		74A694C52F9A8CEB006A1BBD /* Frameworks */ = {
			isa = PBXFrameworksBuildPhase;
			buildActionMask = 2147483647;
			files = (
			);
			runOnlyForDeploymentPostprocessing = 0;
		};
/* End PBXFrameworksBuildPhase section */

/* Begin PBXGroup section */
		748B649E2FA27F6D00A534FC /* Home */ = {
			isa = PBXGroup;
			children = (
				74A694AC2F9A8CE3006A1BBD /* AgentListViewController.swift */,
			);
			path = Home;
			sourceTree = "<group>";
		};
		748B649F2FA27F8400A534FC /* CharacterPage */ = {
			isa = PBXGroup;
			children = (
				74AE947F2FAA5EFE00DAC537 /* CharacterPageViewModel.swift */,
				748B649C2FA27F6000A534FC /* CharacterPageView.swift */,
				748B64A02FA27FCB00A534FC /* CharacterPageViewController.swift */,
			);
			path = CharacterPage;
			sourceTree = "<group>";
		};
		7495CD7A2FABCED80058914C /* Utils */ = {
			isa = PBXGroup;
			children = (
				7495CD782FABCED20058914C /* Utils.swift */,
			);
			path = Utils;
			sourceTree = "<group>";
		};
		74987C292FD74087005ADF70 /* Skins */ = {
			isa = PBXGroup;
			children = (
				74987C2A2FD740BB005ADF70 /* SkinListViewController.swift */,
			);
			path = Skins;
			sourceTree = "<group>";
		};
		74A6949C2F9A8CE3006A1BBD = {
			isa = PBXGroup;
			children = (
				74A694A72F9A8CE3006A1BBD /* ValorantApp */,
				74A694C12F9A8CEB006A1BBD /* ValorantAppTests */,
				74A694CB2F9A8CEB006A1BBD /* ValorantAppUITests */,
				74A694A62F9A8CE3006A1BBD /* Products */,
			);
			sourceTree = "<group>";
		};
		74A694A62F9A8CE3006A1BBD /* Products */ = {
			isa = PBXGroup;
			children = (
				74A694A52F9A8CE3006A1BBD /* ValorantApp.app */,
				74A694BE2F9A8CEB006A1BBD /* ValorantAppTests.xctest */,
				74A694C82F9A8CEB006A1BBD /* ValorantAppUITests.xctest */,
			);
			name = Products;
			sourceTree = "<group>";
		};
		74A694A72F9A8CE3006A1BBD /* ValorantApp */ = {
			isa = PBXGroup;
			children = (
				74EC2F992FE9ECF700333732 /* Components */,
				7495CD7A2FABCED80058914C /* Utils */,
				74A8AA172FC0E95200B5B92F /* Models */,
				74B023892FE1DA1A00051608 /* Services */,
				74FC5C012FCE128900AC8395 /* Feature */,
				74A694A82F9A8CE3006A1BBD /* AppDelegate.swift */,
				74A694AA2F9A8CE3006A1BBD /* SceneDelegate.swift */,
				74AF6D162FE9E6A70098B7AA /* Valorant Font.ttf */,
				74A694B42F9A8CEA006A1BBD /* Assets.xcassets */,
				74A694B92F9A8CEA006A1BBD /* Info.plist */,
				74A694B12F9A8CE4006A1BBD /* ValorantApp.xcdatamodeld */,
			);
			path = ValorantApp;
			sourceTree = "<group>";
		};
		74A694C12F9A8CEB006A1BBD /* ValorantAppTests */ = {
			isa = PBXGroup;
			children = (
				74A694C22F9A8CEB006A1BBD /* ValorantAppTests.swift */,
			);
			path = ValorantAppTests;
			sourceTree = "<group>";
		};
		74A694CB2F9A8CEB006A1BBD /* ValorantAppUITests */ = {
			isa = PBXGroup;
			children = (
				74A694CC2F9A8CEB006A1BBD /* ValorantAppUITests.swift */,
				74A694CE2F9A8CEB006A1BBD /* ValorantAppUITestsLaunchTests.swift */,
			);
			path = ValorantAppUITests;
			sourceTree = "<group>";
		};
		74A694DD2F9A8F01006A1BBD /* Characters */ = {
			isa = PBXGroup;
			children = (
				747530642FB4AFAB006BAA28 /* Colors.swift */,
				74AE94812FAA5F0700DAC537 /* ModalAbility */,
				748B649E2FA27F6D00A534FC /* Home */,
				748B649F2FA27F8400A534FC /* CharacterPage */,
			);
			path = Characters;
			sourceTree = "<group>";
		};
		74A8AA0B2FC0D92E00B5B92F /* Home */ = {
			isa = PBXGroup;
			children = (
				74A8AA0D2FC0D9BF00B5B92F /* HomePageView.swift */,
				74A8AA0F2FC0D9D400B5B92F /* HomePageViewController.swift */,
			);
			path = Home;
			sourceTree = "<group>";
		};
		74A8AA112FC0E72B00B5B92F /* Weapons */ = {
			isa = PBXGroup;
			children = (
				74D200622FC4BF8100AB6BCD /* WeaponsPage */,
				74A8AA162FC0E94A00B5B92F /* Home */,
			);
			path = Weapons;
			sourceTree = "<group>";
		};
		74A8AA162FC0E94A00B5B92F /* Home */ = {
			isa = PBXGroup;
			children = (
				74A8AA142FC0E78400B5B92F /* WeaponListViewController.swift */,
				74A8AA1A2FC0EBDF00B5B92F /* WeaponListViewModel.swift */,
			);
			path = Home;
			sourceTree = "<group>";
		};
		74A8AA172FC0E95200B5B92F /* Models */ = {
			isa = PBXGroup;
			children = (
				74A694E02F9A9257006A1BBD /* AgentModel.swift */,
				74A8AA182FC0E97300B5B92F /* WeaponModel.swift */,
			);
			path = Models;
			sourceTree = "<group>";
		};
		74AE94812FAA5F0700DAC537 /* ModalAbility */ = {
			isa = PBXGroup;
			children = (
				74BD0FE42FBF83E600237250 /* ModalAbilityViewModel.swift */,
				748603082FBB92790094B29D /* ModalAbilityView.swift */,
			);
			path = ModalAbility;
			sourceTree = "<group>";
		};
		74B023892FE1DA1A00051608 /* Services */ = {
			isa = PBXGroup;
			children = (
				74ADA8AB2FF6E4E700A97DA8 /* FavoriteService.swift */,
				74A694E22F9A9610006A1BBD /* ValorantService.swift */,
			);
			path = Services;
			sourceTree = "<group>";
		};
		74C236022FB3CBBE001B047A /* CustomCell */ = {
			isa = PBXGroup;
			children = (
				74AED7D12F9FEB0C00A0AA98 /* CustomCell.swift */,
				74C236002FB3CB68001B047A /* CustomCellAbility.swift */,
			);
			path = CustomCell;
			sourceTree = "<group>";
		};
		74D200622FC4BF8100AB6BCD /* WeaponsPage */ = {
			isa = PBXGroup;
			children = (
				74D200672FC4C21200AB6BCD /* WeaponPageViewModel.swift */,
				74C1B3402FD0A3DD004199DF /* WeaponPagerView.swift */,
				74D200632FC4BFAE00AB6BCD /* WeaponsPageViewController.swift */,
			);
			path = WeaponsPage;
			sourceTree = "<group>";
		};
		74EC2F992FE9ECF700333732 /* Components */ = {
			isa = PBXGroup;
			children = (
				74EC2F972FE9ECD000333732 /* MenuButtom.swift */,
				74B0E6623006D151006549AC /* ButtomFavorite.swift */,
			);
			path = Components;
			sourceTree = "<group>";
		};
		74FC5BFF2FCE121800AC8395 /* Shared */ = {
			isa = PBXGroup;
			children = (
				74C236022FB3CBBE001B047A /* CustomCell */,
				74FC5C002FCE122100AC8395 /* SelectList */,
			);
			path = Shared;
			sourceTree = "<group>";
		};
		74FC5C002FCE122100AC8395 /* SelectList */ = {
			isa = PBXGroup;
			children = (
				74AED7D32F9FEF7600A0AA98 /* SelectListViewModel.swift */,
				74A694DE2F9A8F45006A1BBD /* SelectListView.swift */,
			);
			path = SelectList;
			sourceTree = "<group>";
		};
		74FC5C012FCE128900AC8395 /* Feature */ = {
			isa = PBXGroup;
			children = (
				74FC5BFF2FCE121800AC8395 /* Shared */,
				74A8AA112FC0E72B00B5B92F /* Weapons */,
				74A8AA0B2FC0D92E00B5B92F /* Home */,
				74987C292FD74087005ADF70 /* Skins */,
				74A694DD2F9A8F01006A1BBD /* Characters */,
			);
			path = Feature;
			sourceTree = "<group>";
		};
/* End PBXGroup section */

/* Begin PBXNativeTarget section */
		74A694A42F9A8CE3006A1BBD /* ValorantApp */ = {
			isa = PBXNativeTarget;
			buildConfigurationList = 74A694D22F9A8CEB006A1BBD /* Build configuration list for PBXNativeTarget "ValorantApp" */;
			buildPhases = (
				74A694A12F9A8CE3006A1BBD /* Sources */,
				74A694A22F9A8CE3006A1BBD /* Frameworks */,
				74A694A32F9A8CE3006A1BBD /* Resources */,
			);
			buildRules = (
			);
			dependencies = (
			);
			name = ValorantApp;
			productName = ValorantApp;
			productReference = 74A694A52F9A8CE3006A1BBD /* ValorantApp.app */;
			productType = "com.apple.product-type.application";
		};
		74A694BD2F9A8CEB006A1BBD /* ValorantAppTests */ = {
			isa = PBXNativeTarget;
			buildConfigurationList = 74A694D52F9A8CEB006A1BBD /* Build configuration list for PBXNativeTarget "ValorantAppTests" */;
			buildPhases = (
				74A694BA2F9A8CEB006A1BBD /* Sources */,
				74A694BB2F9A8CEB006A1BBD /* Frameworks */,
				74A694BC2F9A8CEB006A1BBD /* Resources */,
			);
			buildRules = (
			);
			dependencies = (
				74A694C02F9A8CEB006A1BBD /* PBXTargetDependency */,
			);
			name = ValorantAppTests;
			productName = ValorantAppTests;
			productReference = 74A694BE2F9A8CEB006A1BBD /* ValorantAppTests.xctest */;
			productType = "com.apple.product-type.bundle.unit-test";
		};
		74A694C72F9A8CEB006A1BBD /* ValorantAppUITests */ = {
			isa = PBXNativeTarget;
			buildConfigurationList = 74A694D82F9A8CEB006A1BBD /* Build configuration list for PBXNativeTarget "ValorantAppUITests" */;
			buildPhases = (
				74A694C42F9A8CEB006A1BBD /* Sources */,
				74A694C52F9A8CEB006A1BBD /* Frameworks */,
				74A694C62F9A8CEB006A1BBD /* Resources */,
			);
			buildRules = (
			);
			dependencies = (
				74A694CA2F9A8CEB006A1BBD /* PBXTargetDependency */,
			);
			name = ValorantAppUITests;
			productName = ValorantAppUITests;
			productReference = 74A694C82F9A8CEB006A1BBD /* ValorantAppUITests.xctest */;
			productType = "com.apple.product-type.bundle.ui-testing";
		};
/* End PBXNativeTarget section */

/* Begin PBXProject section */
		74A6949D2F9A8CE3006A1BBD /* Project object */ = {
			isa = PBXProject;
			attributes = {
				BuildIndependentTargetsInParallel = 1;
				LastSwiftUpdateCheck = 1520;
				LastUpgradeCheck = 1520;
				TargetAttributes = {
					74A694A42F9A8CE3006A1BBD = {
						CreatedOnToolsVersion = 15.2;
					};
					74A694BD2F9A8CEB006A1BBD = {
						CreatedOnToolsVersion = 15.2;
						TestTargetID = 74A694A42F9A8CE3006A1BBD;
					};
					74A694C72F9A8CEB006A1BBD = {
						CreatedOnToolsVersion = 15.2;
						TestTargetID = 74A694A42F9A8CE3006A1BBD;
					};
				};
			};
			buildConfigurationList = 74A694A02F9A8CE3006A1BBD /* Build configuration list for PBXProject "ValorantApp" */;
			compatibilityVersion = "Xcode 14.0";
			developmentRegion = en;
			hasScannedForEncodings = 0;
			knownRegions = (
				en,
				Base,
			);
			mainGroup = 74A6949C2F9A8CE3006A1BBD;
			productRefGroup = 74A694A62F9A8CE3006A1BBD /* Products */;
			projectDirPath = "";
			projectRoot = "";
			targets = (
				74A694A42F9A8CE3006A1BBD /* ValorantApp */,
				74A694BD2F9A8CEB006A1BBD /* ValorantAppTests */,
				74A694C72F9A8CEB006A1BBD /* ValorantAppUITests */,
			);
		};
/* End PBXProject section */

/* Begin PBXResourcesBuildPhase section */
		74A694A32F9A8CE3006A1BBD /* Resources */ = {
			isa = PBXResourcesBuildPhase;
			buildActionMask = 2147483647;
			files = (
				74A694B52F9A8CEA006A1BBD /* Assets.xcassets in Resources */,
				74AF6D172FE9E6A80098B7AA /* Valorant Font.ttf in Resources */,
			);
			runOnlyForDeploymentPostprocessing = 0;
		};
		74A694BC2F9A8CEB006A1BBD /* Resources */ = {
			isa = PBXResourcesBuildPhase;
			buildActionMask = 2147483647;
			files = (
			);
			runOnlyForDeploymentPostprocessing = 0;
		};
		74A694C62F9A8CEB006A1BBD /* Resources */ = {
			isa = PBXResourcesBuildPhase;
			buildActionMask = 2147483647;
			files = (
			);
			runOnlyForDeploymentPostprocessing = 0;
		};
/* End PBXResourcesBuildPhase section */

/* Begin PBXSourcesBuildPhase section */
		74A694A12F9A8CE3006A1BBD /* Sources */ = {
			isa = PBXSourcesBuildPhase;
			buildActionMask = 2147483647;
			files = (
				74C1B3412FD0A3DD004199DF /* WeaponPagerView.swift in Sources */,
				74A694DF2F9A8F45006A1BBD /* SelectListView.swift in Sources */,
				74EC2F982FE9ECD000333732 /* MenuButtom.swift in Sources */,
				747530652FB4AFAB006BAA28 /* Colors.swift in Sources */,
				74AE94802FAA5EFE00DAC537 /* CharacterPageViewModel.swift in Sources */,
				74A694E12F9A9257006A1BBD /* AgentModel.swift in Sources */,
				74A694E32F9A9610006A1BBD /* ValorantService.swift in Sources */,
				748603092FBB92790094B29D /* ModalAbilityView.swift in Sources */,
				74D200642FC4BFAE00AB6BCD /* WeaponsPageViewController.swift in Sources */,
				74A694B32F9A8CE4006A1BBD /* ValorantApp.xcdatamodeld in Sources */,
				74A8AA192FC0E97300B5B92F /* WeaponModel.swift in Sources */,
				7495CD792FABCED20058914C /* Utils.swift in Sources */,
				74A694AD2F9A8CE3006A1BBD /* AgentListViewController.swift in Sources */,
				74A694A92F9A8CE3006A1BBD /* AppDelegate.swift in Sources */,
				74AED7D22F9FEB0C00A0AA98 /* CustomCell.swift in Sources */,
				74A694AB2F9A8CE3006A1BBD /* SceneDelegate.swift in Sources */,
				74AED7D42F9FEF7600A0AA98 /* SelectListViewModel.swift in Sources */,
				74ADA8AC2FF6E4E700A97DA8 /* FavoriteService.swift in Sources */,
				74C236012FB3CB68001B047A /* CustomCellAbility.swift in Sources */,
				748B649D2FA27F6000A534FC /* CharacterPageView.swift in Sources */,
				74987C2B2FD740BB005ADF70 /* SkinListViewController.swift in Sources */,
				74BD0FE52FBF83E600237250 /* ModalAbilityViewModel.swift in Sources */,
				74A8AA0E2FC0D9BF00B5B92F /* HomePageView.swift in Sources */,
				74D200682FC4C21200AB6BCD /* WeaponPageViewModel.swift in Sources */,
				74A8AA1B2FC0EBDF00B5B92F /* WeaponListViewModel.swift in Sources */,
				74A8AA152FC0E78400B5B92F /* WeaponListViewController.swift in Sources */,
				748B64A12FA27FCB00A534FC /* CharacterPageViewController.swift in Sources */,
				74B0E6633006D151006549AC /* ButtomFavorite.swift in Sources */,
				74A8AA102FC0D9D400B5B92F /* HomePageViewController.swift in Sources */,
			);
			runOnlyForDeploymentPostprocessing = 0;
		};
		74A694BA2F9A8CEB006A1BBD /* Sources */ = {
			isa = PBXSourcesBuildPhase;
			buildActionMask = 2147483647;
			files = (
				74A694C32F9A8CEB006A1BBD /* ValorantAppTests.swift in Sources */,
			);
			runOnlyForDeploymentPostprocessing = 0;
		};
		74A694C42F9A8CEB006A1BBD /* Sources */ = {
			isa = PBXSourcesBuildPhase;
			buildActionMask = 2147483647;
			files = (
				74A694CD2F9A8CEB006A1BBD /* ValorantAppUITests.swift in Sources */,
				74A694CF2F9A8CEB006A1BBD /* ValorantAppUITestsLaunchTests.swift in Sources */,
			);
			runOnlyForDeploymentPostprocessing = 0;
		};
/* End PBXSourcesBuildPhase section */

/* Begin PBXTargetDependency section */
		74A694C02F9A8CEB006A1BBD /* PBXTargetDependency */ = {
			isa = PBXTargetDependency;
			target = 74A694A42F9A8CE3006A1BBD /* ValorantApp */;
			targetProxy = 74A694BF2F9A8CEB006A1BBD /* PBXContainerItemProxy */;
		};
		74A694CA2F9A8CEB006A1BBD /* PBXTargetDependency */ = {
			isa = PBXTargetDependency;
			target = 74A694A42F9A8CE3006A1BBD /* ValorantApp */;
			targetProxy = 74A694C92F9A8CEB006A1BBD /* PBXContainerItemProxy */;
		};
/* End PBXTargetDependency section */

/* Begin XCBuildConfiguration section */
		74A694D02F9A8CEB006A1BBD /* Debug */ = {
			isa = XCBuildConfiguration;
			buildSettings = {
				ALWAYS_SEARCH_USER_PATHS = NO;
				ASSETCATALOG_COMPILER_GENERATE_SWIFT_ASSET_SYMBOL_EXTENSIONS = YES;
				CLANG_ANALYZER_NONNULL = YES;
				CLANG_ANALYZER_NUMBER_OBJECT_CONVERSION = YES_AGGRESSIVE;
				CLANG_CXX_LANGUAGE_STANDARD = "gnu++20";
				CLANG_ENABLE_MODULES = YES;
				CLANG_ENABLE_OBJC_ARC = YES;
				CLANG_ENABLE_OBJC_WEAK = YES;
				CLANG_WARN_BLOCK_CAPTURE_AUTORELEASING = YES;
				CLANG_WARN_BOOL_CONVERSION = YES;
				CLANG_WARN_COMMA = YES;
				CLANG_WARN_CONSTANT_CONVERSION = YES;
				CLANG_WARN_DEPRECATED_OBJC_IMPLEMENTATIONS = YES;
				CLANG_WARN_DIRECT_OBJC_ISA_USAGE = YES_ERROR;
				CLANG_WARN_DOCUMENTATION_COMMENTS = YES;
				CLANG_WARN_EMPTY_BODY = YES;
				CLANG_WARN_ENUM_CONVERSION = YES;
				CLANG_WARN_INFINITE_RECURSION = YES;
				CLANG_WARN_INT_CONVERSION = YES;
				CLANG_WARN_NON_LITERAL_NULL_CONVERSION = YES;
				CLANG_WARN_OBJC_IMPLICIT_RETAIN_SELF = YES;
				CLANG_WARN_OBJC_LITERAL_CONVERSION = YES;
				CLANG_WARN_OBJC_ROOT_CLASS = YES_ERROR;
				CLANG_WARN_QUOTED_INCLUDE_IN_FRAMEWORK_HEADER = YES;
				CLANG_WARN_RANGE_LOOP_ANALYSIS = YES;
				CLANG_WARN_STRICT_PROTOTYPES = YES;
				CLANG_WARN_SUSPICIOUS_MOVE = YES;
				CLANG_WARN_UNGUARDED_AVAILABILITY = YES_AGGRESSIVE;
				CLANG_WARN_UNREACHABLE_CODE = YES;
				CLANG_WARN__DUPLICATE_METHOD_MATCH = YES;
				COPY_PHASE_STRIP = NO;
				DEBUG_INFORMATION_FORMAT = dwarf;
				ENABLE_STRICT_OBJC_MSGSEND = YES;
				ENABLE_TESTABILITY = YES;
				ENABLE_USER_SCRIPT_SANDBOXING = YES;
				GCC_C_LANGUAGE_STANDARD = gnu17;
				GCC_DYNAMIC_NO_PIC = NO;
				GCC_NO_COMMON_BLOCKS = YES;
				GCC_OPTIMIZATION_LEVEL = 0;
				GCC_PREPROCESSOR_DEFINITIONS = (
					"DEBUG=1",
					"$(inherited)",
				);
				GCC_WARN_64_TO_32_BIT_CONVERSION = YES;
				GCC_WARN_ABOUT_RETURN_TYPE = YES_ERROR;
				GCC_WARN_UNDECLARED_SELECTOR = YES;
				GCC_WARN_UNINITIALIZED_AUTOS = YES_AGGRESSIVE;
				GCC_WARN_UNUSED_FUNCTION = YES;
				GCC_WARN_UNUSED_VARIABLE = YES;
				IPHONEOS_DEPLOYMENT_TARGET = 17.2;
				LOCALIZATION_PREFERS_STRING_CATALOGS = YES;
				MTL_ENABLE_DEBUG_INFO = INCLUDE_SOURCE;
				MTL_FAST_MATH = YES;
				ONLY_ACTIVE_ARCH = YES;
				SDKROOT = iphoneos;
				SWIFT_ACTIVE_COMPILATION_CONDITIONS = "DEBUG $(inherited)";
				SWIFT_OPTIMIZATION_LEVEL = "-Onone";
			};
			name = Debug;
		};
		74A694D12F9A8CEB006A1BBD /* Release */ = {
			isa = XCBuildConfiguration;
			buildSettings = {
				ALWAYS_SEARCH_USER_PATHS = NO;
				ASSETCATALOG_COMPILER_GENERATE_SWIFT_ASSET_SYMBOL_EXTENSIONS = YES;
				CLANG_ANALYZER_NONNULL = YES;
				CLANG_ANALYZER_NUMBER_OBJECT_CONVERSION = YES_AGGRESSIVE;
				CLANG_CXX_LANGUAGE_STANDARD = "gnu++20";
				CLANG_ENABLE_MODULES = YES;
				CLANG_ENABLE_OBJC_ARC = YES;
				CLANG_ENABLE_OBJC_WEAK = YES;
				CLANG_WARN_BLOCK_CAPTURE_AUTORELEASING = YES;
				CLANG_WARN_BOOL_CONVERSION = YES;
				CLANG_WARN_COMMA = YES;
				CLANG_WARN_CONSTANT_CONVERSION = YES;
				CLANG_WARN_DEPRECATED_OBJC_IMPLEMENTATIONS = YES;
				CLANG_WARN_DIRECT_OBJC_ISA_USAGE = YES_ERROR;
				CLANG_WARN_DOCUMENTATION_COMMENTS = YES;
				CLANG_WARN_EMPTY_BODY = YES;
				CLANG_WARN_ENUM_CONVERSION = YES;
				CLANG_WARN_INFINITE_RECURSION = YES;
				CLANG_WARN_INT_CONVERSION = YES;
				CLANG_WARN_NON_LITERAL_NULL_CONVERSION = YES;
				CLANG_WARN_OBJC_IMPLICIT_RETAIN_SELF = YES;
				CLANG_WARN_OBJC_LITERAL_CONVERSION = YES;
				CLANG_WARN_OBJC_ROOT_CLASS = YES_ERROR;
				CLANG_WARN_QUOTED_INCLUDE_IN_FRAMEWORK_HEADER = YES;
				CLANG_WARN_RANGE_LOOP_ANALYSIS = YES;
				CLANG_WARN_STRICT_PROTOTYPES = YES;
				CLANG_WARN_SUSPICIOUS_MOVE = YES;
				CLANG_WARN_UNGUARDED_AVAILABILITY = YES_AGGRESSIVE;
				CLANG_WARN_UNREACHABLE_CODE = YES;
				CLANG_WARN__DUPLICATE_METHOD_MATCH = YES;
				COPY_PHASE_STRIP = NO;
				DEBUG_INFORMATION_FORMAT = "dwarf-with-dsym";
				ENABLE_NS_ASSERTIONS = NO;
				ENABLE_STRICT_OBJC_MSGSEND = YES;
				ENABLE_USER_SCRIPT_SANDBOXING = YES;
				GCC_C_LANGUAGE_STANDARD = gnu17;
				GCC_NO_COMMON_BLOCKS = YES;
				GCC_WARN_64_TO_32_BIT_CONVERSION = YES;
				GCC_WARN_ABOUT_RETURN_TYPE = YES_ERROR;
				GCC_WARN_UNDECLARED_SELECTOR = YES;
				GCC_WARN_UNINITIALIZED_AUTOS = YES_AGGRESSIVE;
				GCC_WARN_UNUSED_FUNCTION = YES;
				GCC_WARN_UNUSED_VARIABLE = YES;
				IPHONEOS_DEPLOYMENT_TARGET = 17.2;
				LOCALIZATION_PREFERS_STRING_CATALOGS = YES;
				MTL_ENABLE_DEBUG_INFO = NO;
				MTL_FAST_MATH = YES;
				SDKROOT = iphoneos;
				SWIFT_COMPILATION_MODE = wholemodule;
				VALIDATE_PRODUCT = YES;
			};
			name = Release;
		};
		74A694D32F9A8CEB006A1BBD /* Debug */ = {
			isa = XCBuildConfiguration;
			buildSettings = {
				ASSETCATALOG_COMPILER_APPICON_NAME = AppIcon;
				ASSETCATALOG_COMPILER_GLOBAL_ACCENT_COLOR_NAME = AccentColor;
				CODE_SIGN_STYLE = Automatic;
				CURRENT_PROJECT_VERSION = 1;
				DEVELOPMENT_TEAM = 646J3323BB;
				GENERATE_INFOPLIST_FILE = YES;
				INFOPLIST_FILE = ValorantApp/Info.plist;
				INFOPLIST_KEY_UIApplicationSupportsIndirectInputEvents = YES;
				INFOPLIST_KEY_UILaunchStoryboardName = LaunchScreen;
				INFOPLIST_KEY_UISupportedInterfaceOrientations_iPad = "UIInterfaceOrientationPortrait UIInterfaceOrientationPortraitUpsideDown UIInterfaceOrientationLandscapeLeft UIInterfaceOrientationLandscapeRight";
				INFOPLIST_KEY_UISupportedInterfaceOrientations_iPhone = "UIInterfaceOrientationPortrait UIInterfaceOrientationLandscapeLeft UIInterfaceOrientationLandscapeRight";
				LD_RUNPATH_SEARCH_PATHS = (
					"$(inherited)",
					"@executable_path/Frameworks",
				);
				MARKETING_VERSION = 1.0;
				PRODUCT_BUNDLE_IDENTIFIER = com.JonatasCoutinho.ValorantApp;
				PRODUCT_NAME = "$(TARGET_NAME)";
				SWIFT_EMIT_LOC_STRINGS = YES;
				SWIFT_VERSION = 5.0;
				TARGETED_DEVICE_FAMILY = "1,2";
			};
			name = Debug;
		};
		74A694D42F9A8CEB006A1BBD /* Release */ = {
			isa = XCBuildConfiguration;
			buildSettings = {
				ASSETCATALOG_COMPILER_APPICON_NAME = AppIcon;
				ASSETCATALOG_COMPILER_GLOBAL_ACCENT_COLOR_NAME = AccentColor;
				CODE_SIGN_STYLE = Automatic;
				CURRENT_PROJECT_VERSION = 1;
				DEVELOPMENT_TEAM = 646J3323BB;
				GENERATE_INFOPLIST_FILE = YES;
				INFOPLIST_FILE = ValorantApp/Info.plist;
				INFOPLIST_KEY_UIApplicationSupportsIndirectInputEvents = YES;
				INFOPLIST_KEY_UILaunchStoryboardName = LaunchScreen;
				INFOPLIST_KEY_UISupportedInterfaceOrientations_iPad = "UIInterfaceOrientationPortrait UIInterfaceOrientationPortraitUpsideDown UIInterfaceOrientationLandscapeLeft UIInterfaceOrientationLandscapeRight";
				INFOPLIST_KEY_UISupportedInterfaceOrientations_iPhone = "UIInterfaceOrientationPortrait UIInterfaceOrientationLandscapeLeft UIInterfaceOrientationLandscapeRight";
				LD_RUNPATH_SEARCH_PATHS = (
					"$(inherited)",
					"@executable_path/Frameworks",
				);
				MARKETING_VERSION = 1.0;
				PRODUCT_BUNDLE_IDENTIFIER = com.JonatasCoutinho.ValorantApp;
				PRODUCT_NAME = "$(TARGET_NAME)";
				SWIFT_EMIT_LOC_STRINGS = YES;
				SWIFT_VERSION = 5.0;
				TARGETED_DEVICE_FAMILY = "1,2";
			};
			name = Release;
		};
		74A694D62F9A8CEB006A1BBD /* Debug */ = {
			isa = XCBuildConfiguration;
			buildSettings = {
				ALWAYS_EMBED_SWIFT_STANDARD_LIBRARIES = YES;
				BUNDLE_LOADER = "$(TEST_HOST)";
				CODE_SIGN_STYLE = Automatic;
				CURRENT_PROJECT_VERSION = 1;
				DEVELOPMENT_TEAM = 646J3323BB;
				GENERATE_INFOPLIST_FILE = YES;
				IPHONEOS_DEPLOYMENT_TARGET = 17.2;
				MARKETING_VERSION = 1.0;
				PRODUCT_BUNDLE_IDENTIFIER = com.JonatasCoutinho.ValorantAppTests;
				PRODUCT_NAME = "$(TARGET_NAME)";
				SWIFT_EMIT_LOC_STRINGS = NO;
				SWIFT_VERSION = 5.0;
				TARGETED_DEVICE_FAMILY = "1,2";
				TEST_HOST = "$(BUILT_PRODUCTS_DIR)/ValorantApp.app/$(BUNDLE_EXECUTABLE_FOLDER_PATH)/ValorantApp";
			};
			name = Debug;
		};
		74A694D72F9A8CEB006A1BBD /* Release */ = {
			isa = XCBuildConfiguration;
			buildSettings = {
				ALWAYS_EMBED_SWIFT_STANDARD_LIBRARIES = YES;
				BUNDLE_LOADER = "$(TEST_HOST)";
				CODE_SIGN_STYLE = Automatic;
				CURRENT_PROJECT_VERSION = 1;
				DEVELOPMENT_TEAM = 646J3323BB;
				GENERATE_INFOPLIST_FILE = YES;
				IPHONEOS_DEPLOYMENT_TARGET = 17.2;
				MARKETING_VERSION = 1.0;
				PRODUCT_BUNDLE_IDENTIFIER = com.JonatasCoutinho.ValorantAppTests;
				PRODUCT_NAME = "$(TARGET_NAME)";
				SWIFT_EMIT_LOC_STRINGS = NO;
				SWIFT_VERSION = 5.0;
				TARGETED_DEVICE_FAMILY = "1,2";
				TEST_HOST = "$(BUILT_PRODUCTS_DIR)/ValorantApp.app/$(BUNDLE_EXECUTABLE_FOLDER_PATH)/ValorantApp";
			};
			name = Release;
		};
		74A694D92F9A8CEB006A1BBD /* Debug */ = {
			isa = XCBuildConfiguration;
			buildSettings = {
				ALWAYS_EMBED_SWIFT_STANDARD_LIBRARIES = YES;
				CODE_SIGN_STYLE = Automatic;
				CURRENT_PROJECT_VERSION = 1;
				DEVELOPMENT_TEAM = 646J3323BB;
				GENERATE_INFOPLIST_FILE = YES;
				MARKETING_VERSION = 1.0;
				PRODUCT_BUNDLE_IDENTIFIER = com.JonatasCoutinho.ValorantAppUITests;
				PRODUCT_NAME = "$(TARGET_NAME)";
				SWIFT_EMIT_LOC_STRINGS = NO;
				SWIFT_VERSION = 5.0;
				TARGETED_DEVICE_FAMILY = "1,2";
				TEST_TARGET_NAME = ValorantApp;
			};
			name = Debug;
		};
		74A694DA2F9A8CEB006A1BBD /* Release */ = {
			isa = XCBuildConfiguration;
			buildSettings = {
				ALWAYS_EMBED_SWIFT_STANDARD_LIBRARIES = YES;
				CODE_SIGN_STYLE = Automatic;
				CURRENT_PROJECT_VERSION = 1;
				DEVELOPMENT_TEAM = 646J3323BB;
				GENERATE_INFOPLIST_FILE = YES;
				MARKETING_VERSION = 1.0;
				PRODUCT_BUNDLE_IDENTIFIER = com.JonatasCoutinho.ValorantAppUITests;
				PRODUCT_NAME = "$(TARGET_NAME)";
				SWIFT_EMIT_LOC_STRINGS = NO;
				SWIFT_VERSION = 5.0;
				TARGETED_DEVICE_FAMILY = "1,2";
				TEST_TARGET_NAME = ValorantApp;
			};
			name = Release;
		};
/* End XCBuildConfiguration section */

/* Begin XCConfigurationList section */
		74A694A02F9A8CE3006A1BBD /* Build configuration list for PBXProject "ValorantApp" */ = {
			isa = XCConfigurationList;
			buildConfigurations = (
				74A694D02F9A8CEB006A1BBD /* Debug */,
				74A694D12F9A8CEB006A1BBD /* Release */,
			);
			defaultConfigurationIsVisible = 0;
			defaultConfigurationName = Release;
		};
		74A694D22F9A8CEB006A1BBD /* Build configuration list for PBXNativeTarget "ValorantApp" */ = {
			isa = XCConfigurationList;
			buildConfigurations = (
				74A694D32F9A8CEB006A1BBD /* Debug */,
				74A694D42F9A8CEB006A1BBD /* Release */,
			);
			defaultConfigurationIsVisible = 0;
			defaultConfigurationName = Release;
		};
		74A694D52F9A8CEB006A1BBD /* Build configuration list for PBXNativeTarget "ValorantAppTests" */ = {
			isa = XCConfigurationList;
			buildConfigurations = (
				74A694D62F9A8CEB006A1BBD /* Debug */,
				74A694D72F9A8CEB006A1BBD /* Release */,
			);
			defaultConfigurationIsVisible = 0;
			defaultConfigurationName = Release;
		};
		74A694D82F9A8CEB006A1BBD /* Build configuration list for PBXNativeTarget "ValorantAppUITests" */ = {
			isa = XCConfigurationList;
			buildConfigurations = (
				74A694D92F9A8CEB006A1BBD /* Debug */,
				74A694DA2F9A8CEB006A1BBD /* Release */,
			);
			defaultConfigurationIsVisible = 0;
			defaultConfigurationName = Release;
		};
/* End XCConfigurationList section */

/* Begin XCVersionGroup section */
		74A694B12F9A8CE4006A1BBD /* ValorantApp.xcdatamodeld */ = {
			isa = XCVersionGroup;
			children = (
				74A694B22F9A8CE4006A1BBD /* ValorantApp.xcdatamodel */,
			);
			currentVersion = 74A694B22F9A8CE4006A1BBD /* ValorantApp.xcdatamodel */;
			path = ValorantApp.xcdatamodeld;
			sourceTree = "<group>";
			versionGroupType = wrapper.xcdatamodel;
		};
/* End XCVersionGroup section */
	};
	rootObject = 74A6949D2F9A8CE3006A1BBD /* Project object */;
}
